// !$*UTF8*$!
{
	archiveVersion = 1;
	classes = {
	};
	objectVersion = 56;
	objects = {

/* Begin PBXBuildFile section */
		AA000000000000000000001 /* ZudioApp.swift in Sources */ = {isa = PBXBuildFile; fileRef = BB000000000000000000001 /* ZudioApp.swift */; };
		AA000000000000000000002 /* AppState.swift in Sources */ = {isa = PBXBuildFile; fileRef = BB000000000000000000002 /* AppState.swift */; };
		AA000000000000000000003 /* Types.swift in Sources */ = {isa = PBXBuildFile; fileRef = BB000000000000000000003 /* Types.swift */; };
		AA000000000000000000004 /* MIDIEvent.swift in Sources */ = {isa = PBXBuildFile; fileRef = BB000000000000000000004 /* MIDIEvent.swift */; };
		AA000000000000000000005 /* GlobalMusicalFrame.swift in Sources */ = {isa = PBXBuildFile; fileRef = BB000000000000000000005 /* GlobalMusicalFrame.swift */; };
		AA000000000000000000006 /* SongStructure.swift in Sources */ = {isa = PBXBuildFile; fileRef = BB000000000000000000006 /* SongStructure.swift */; };
		AA000000000000000000007 /* TonalGovernanceMap.swift in Sources */ = {isa = PBXBuildFile; fileRef = BB000000000000000000007 /* TonalGovernanceMap.swift */; };
		AA000000000000000000008 /* SongState.swift in Sources */ = {isa = PBXBuildFile; fileRef = BB000000000000000000008 /* SongState.swift */; };
		AA000000000000000000009 /* SeededRNG.swift in Sources */ = {isa = PBXBuildFile; fileRef = BB000000000000000000009 /* SeededRNG.swift */; };
		AA00000000000000000000A /* SongGenerator.swift in Sources */ = {isa = PBXBuildFile; fileRef = BB00000000000000000000A /* SongGenerator.swift */; };
		AA00000000000000000000B /* TonalGovernanceBuilder.swift in Sources */ = {isa = PBXBuildFile; fileRef = BB00000000000000000000B /* TonalGovernanceBuilder.swift */; };
		AA00000000000000000000C /* DrumGenerator.swift in Sources */ = {isa = PBXBuildFile; fileRef = BB00000000000000000000C /* DrumGenerator.swift */; };
		AA00000000000000000000D /* PadsGenerator.swift in Sources */ = {isa = PBXBuildFile; fileRef = BB00000000000000000000D /* PadsGenerator.swift */; };
		AA00000000000000000000E /* DensitySimplifier.swift in Sources */ = {isa = PBXBuildFile; fileRef = BB00000000000000000000E /* DensitySimplifier.swift */; };
		AA00000000000000000000F /* StructureGenerator.swift in Sources */ = {isa = PBXBuildFile; fileRef = BB00000000000000000000F /* StructureGenerator.swift */; };
		AA000000000000000000010 /* TitleGenerator.swift in Sources */ = {isa = PBXBuildFile; fileRef = BB000000000000000000010 /* TitleGenerator.swift */; };
		AA000000000000000000011 /* MusicalFrameGenerator.swift in Sources */ = {isa = PBXBuildFile; fileRef = BB000000000000000000011 /* MusicalFrameGenerator.swift */; };
		AA000000000000000000012 /* LeadGenerator.swift in Sources */ = {isa = PBXBuildFile; fileRef = BB000000000000000000012 /* LeadGenerator.swift */; };
		AA000000000000000000013 /* BassGenerator.swift in Sources */ = {isa = PBXBuildFile; fileRef = BB000000000000000000013 /* BassGenerator.swift */; };
		AA000000000000000000014 /* TextureGenerator.swift in Sources */ = {isa = PBXBuildFile; fileRef = BB000000000000000000014 /* TextureGenerator.swift */; };
		AA000000000000000000015 /* RhythmGenerator.swift in Sources */ = {isa = PBXBuildFile; fileRef = BB000000000000000000015 /* RhythmGenerator.swift */; };
		AA000000000000000000016 /* StepScheduler.swift in Sources */ = {isa = PBXBuildFile; fileRef = BB000000000000000000016 /* StepScheduler.swift */; };
		AA000000000000000000017 /* PlaybackEngine.swift in Sources */ = {isa = PBXBuildFile; fileRef = BB000000000000000000017 /* PlaybackEngine.swift */; };
		AA000000000000000000018 /* ContentView.swift in Sources */ = {isa = PBXBuildFile; fileRef = BB000000000000000000018 /* ContentView.swift */; };
		AA000000000000000000019 /* TrackRowView.swift in Sources */ = {isa = PBXBuildFile; fileRef = BB000000000000000000019 /* TrackRowView.swift */; };
		AA00000000000000000001A /* MIDILaneView.swift in Sources */ = {isa = PBXBuildFile; fileRef = BB00000000000000000001A /* MIDILaneView.swift */; };
		AA00000000000000000006A /* AudioWaveformView.swift in Sources */ = {isa = PBXBuildFile; fileRef = BB00000000000000000006A /* AudioWaveformView.swift */; };
		AA00000000000000000001B /* StatusBoxView.swift in Sources */ = {isa = PBXBuildFile; fileRef = BB00000000000000000001B /* StatusBoxView.swift */; };
		AA00000000000000000001C /* TopBarView.swift in Sources */ = {isa = PBXBuildFile; fileRef = BB00000000000000000001C /* TopBarView.swift */; };
		AA00000000000000000001D /* AssetLoader.swift in Sources */ = {isa = PBXBuildFile; fileRef = BB00000000000000000001D /* AssetLoader.swift */; };
		AA00000000000000000001E /* AVFoundation.framework in Frameworks */ = {isa = PBXBuildFile; fileRef = BB00000000000000000001E /* AVFoundation.framework */; };
		AA00000000000000000007A /* MediaPlayer.framework in Frameworks */ = {isa = PBXBuildFile; fileRef = BB00000000000000000007A /* MediaPlayer.framework */; };
		AA00000000000000000007B /* NowPlayingController.swift in Sources */ = {isa = PBXBuildFile; fileRef = BB00000000000000000007B /* NowPlayingController.swift */; };
		AA00000000000000000001F /* assets in Resources */ = {isa = PBXBuildFile; fileRef = BB00000000000000000001F /* assets */; };
		AA00000000000000000006C /* GeneralUser_GS_v1.471.sf2 in Resources */ = {isa = PBXBuildFile; fileRef = BB00000000000000000006C /* GeneralUser_GS_v1.471.sf2 */; };
		AA00000000000000000006D /* zudio-logo.png in Resources */ = {isa = PBXBuildFile; fileRef = BB00000000000000000006D /* zudio-logo.png */; };
		AA000000000000000000020 /* MIDIFileExporter.swift in Sources */ = {isa = PBXBuildFile; fileRef = BB000000000000000000022 /* MIDIFileExporter.swift */; };
		AA000000000000000000021 /* FirstMouseFix.swift in Sources */ = {isa = PBXBuildFile; fileRef = BB000000000000000000023 /* FirstMouseFix.swift */; };
		AA000000000000000000022 /* ArrangementFilter.swift in Sources */ = {isa = PBXBuildFile; fileRef = BB000000000000000000024 /* ArrangementFilter.swift */; };
		AA000000000000000000023 /* HarmonicFilter.swift in Sources */ = {isa = PBXBuildFile; fileRef = BB000000000000000000025 /* HarmonicFilter.swift */; };
		AA000000000000000000024 /* PatternEvolver.swift in Sources */ = {isa = PBXBuildFile; fileRef = BB000000000000000000026 /* PatternEvolver.swift */; };
		AA000000000000000000025 /* DrumVariationEngine.swift in Sources */ = {isa = PBXBuildFile; fileRef = BB000000000000000000027 /* DrumVariationEngine.swift */; };
		AA000000000000000000028 /* assets/zudio-icon.icns in Resources */ = {isa = PBXBuildFile; fileRef = BB000000000000000000028 /* assets/zudio-icon.icns */; };
		AA000000000000000000029 /* assets/zudio-doc.icns in Resources */ = {isa = PBXBuildFile; fileRef = BB000000000000000000029 /* assets/zudio-doc.icns */; };
		AA000000000000000000030 /* CosmicMusicalFrameGenerator.swift in Sources */ = {isa = PBXBuildFile; fileRef = BB000000000000000000030 /* CosmicMusicalFrameGenerator.swift */; };
		AA000000000000000000031 /* CosmicStructureGenerator.swift in Sources */ = {isa = PBXBuildFile; fileRef = BB000000000000000000031 /* CosmicStructureGenerator.swift */; };
		AA000000000000000000032 /* CosmicArpeggioGenerator.swift in Sources */ = {isa = PBXBuildFile; fileRef = BB000000000000000000032 /* CosmicArpeggioGenerator.swift */; };
		AA000000000000000000033 /* CosmicPadsGenerator.swift in Sources */ = {isa = PBXBuildFile; fileRef = BB000000000000000000033 /* CosmicPadsGenerator.swift */; };
		AA000000000000000000034 /* CosmicLeadGenerator.swift in Sources */ = {isa = PBXBuildFile; fileRef = BB000000000000000000034 /* CosmicLeadGenerator.swift */; };
		AA000000000000000000035 /* CosmicBassGenerator.swift in Sources */ = {isa = PBXBuildFile; fileRef = BB000000000000000000035 /* CosmicBassGenerator.swift */; };
		AA000000000000000000036 /* CosmicDrumGenerator.swift in Sources */ = {isa = PBXBuildFile; fileRef = BB000000000000000000036 /* CosmicDrumGenerator.swift */; };
		AA000000000000000000037 /* CosmicTextureGenerator.swift in Sources */ = {isa = PBXBuildFile; fileRef = BB000000000000000000037 /* CosmicTextureGenerator.swift */; };
		AA00000000000000000007C /* CosmicHelpers.swift in Sources */ = {isa = PBXBuildFile; fileRef = BB00000000000000000007C /* CosmicHelpers.swift */; };
		AA000000000000000000038 /* CosmicTitleGenerator.swift in Sources */ = {isa = PBXBuildFile; fileRef = BB000000000000000000038 /* CosmicTitleGenerator.swift */; };
		AA000000000000000000039 /* AudioFileExporter.swift in Sources */ = {isa = PBXBuildFile; fileRef = BB000000000000000000039 /* AudioFileExporter.swift */; };
		AA000000000000000000040 /* SongLogExporter.swift in Sources */ = {isa = PBXBuildFile; fileRef = BB000000000000000000040 /* SongLogExporter.swift */; };
		AA000000000000000000041 /* AmbientTitleGenerator.swift in Sources */ = {isa = PBXBuildFile; fileRef = BB000000000000000000041 /* AmbientTitleGenerator.swift */; };
		AA000000000000000000050 /* AmbientMusicalFrameGenerator.swift in Sources */ = {isa = PBXBuildFile; fileRef = BB000000000000000000050 /* AmbientMusicalFrameGenerator.swift */; };
		AA000000000000000000051 /* AmbientStructureGenerator.swift in Sources */ = {isa = PBXBuildFile; fileRef = BB000000000000000000051 /* AmbientStructureGenerator.swift */; };
		AA000000000000000000052 /* AmbientLoopTiler.swift in Sources */ = {isa = PBXBuildFile; fileRef = BB000000000000000000052 /* AmbientLoopTiler.swift */; };
		AA000000000000000000053 /* AmbientPadsGenerator.swift in Sources */ = {isa = PBXBuildFile; fileRef = BB000000000000000000053 /* AmbientPadsGenerator.swift */; };
		AA000000000000000000054 /* AmbientBassGenerator.swift in Sources */ = {isa = PBXBuildFile; fileRef = BB000000000000000000054 /* AmbientBassGenerator.swift */; };
		AA000000000000000000055 /* AmbientDrumGenerator.swift in Sources */ = {isa = PBXBuildFile; fileRef = BB000000000000000000055 /* AmbientDrumGenerator.swift */; };
		AA000000000000000000056 /* AmbientLeadGenerator.swift in Sources */ = {isa = PBXBuildFile; fileRef = BB000000000000000000056 /* AmbientLeadGenerator.swift */; };
		AA000000000000000000057 /* AmbientRhythmGenerator.swift in Sources */ = {isa = PBXBuildFile; fileRef = BB000000000000000000057 /* AmbientRhythmGenerator.swift */; };
		AA000000000000000000058 /* AmbientTextureGenerator.swift in Sources */ = {isa = PBXBuildFile; fileRef = BB000000000000000000058 /* AmbientTextureGenerator.swift */; };
		AA000000000000000000059 /* AmbientHelpers.swift in Sources */ = {isa = PBXBuildFile; fileRef = BB000000000000000000059 /* AmbientHelpers.swift */; };
		AA000000000000000000060 /* ChillMusicalFrameGenerator.swift in Sources */ = {isa = PBXBuildFile; fileRef = BB000000000000000000060 /* ChillMusicalFrameGenerator.swift */; };
		AA000000000000000000061 /* ChillStructureGenerator.swift in Sources */ = {isa = PBXBuildFile; fileRef = BB000000000000000000061 /* ChillStructureGenerator.swift */; };
		AA000000000000000000062 /* ChillDrumGenerator.swift in Sources */ = {isa = PBXBuildFile; fileRef = BB000000000000000000062 /* ChillDrumGenerator.swift */; };
		AA000000000000000000063 /* ChillBassGenerator.swift in Sources */ = {isa = PBXBuildFile; fileRef = BB000000000000000000063 /* ChillBassGenerator.swift */; };
		AA000000000000000000064 /* ChillPadsGenerator.swift in Sources */ = {isa = PBXBuildFile; fileRef = BB000000000000000000064 /* ChillPadsGenerator.swift */; };
		AA000000000000000000065 /* ChillLeadGenerator.swift in Sources */ = {isa = PBXBuildFile; fileRef = BB000000000000000000065 /* ChillLeadGenerator.swift */; };
		AA000000000000000000066 /* ChillRhythmGenerator.swift in Sources */ = {isa = PBXBuildFile; fileRef = BB000000000000000000066 /* ChillRhythmGenerator.swift */; };
		AA000000000000000000067 /* ChillTitleGenerator.swift in Sources */ = {isa = PBXBuildFile; fileRef = BB000000000000000000067 /* ChillTitleGenerator.swift */; };
		AA000000000000000000068 /* AudioTexturePlayer.swift in Sources */ = {isa = PBXBuildFile; fileRef = BB000000000000000000068 /* AudioTexturePlayer.swift */; };
		AA000000000000000000069 /* Textures in Resources */ = {isa = PBXBuildFile; fileRef = BB000000000000000000069 /* Textures */; };
		/* ZudioTests build files */
		TT000000000000000000001 /* ZudioTests.swift in Sources */ = {isa = PBXBuildFile; fileRef = UU000000000000000000001 /* ZudioTests.swift */; };
		TT000000000000000000002 /* ChillBatchTests.swift in Sources */ = {isa = PBXBuildFile; fileRef = UU000000000000000000002 /* ChillBatchTests.swift */; };
		TT000000000000000000003 /* MotorikBatchTests.swift in Sources */ = {isa = PBXBuildFile; fileRef = UU000000000000000000003 /* MotorikBatchTests.swift */; };
		TT000000000000000000009 /* KosmicBatchTests.swift in Sources */ = {isa = PBXBuildFile; fileRef = UU000000000000000000005 /* KosmicBatchTests.swift */; };
		TT000000000000000000010 /* AmbientBatchTests.swift in Sources */ = {isa = PBXBuildFile; fileRef = UU000000000000000000010 /* AmbientBatchTests.swift */; };
		TT000000000000000000004 /* Zudio.app in Frameworks */ = {isa = PBXBuildFile; fileRef = BB000000000000000000021 /* Zudio.app */; };
/* End PBXBuildFile section */

/* Begin PBXFileReference section */
		BB000000000000000000001 /* ZudioApp.swift */ = {isa = PBXFileReference; lastKnownFileType = sourcecode.swift; path = ZudioApp.swift; sourceTree = "<group>"; };
		BB000000000000000000002 /* AppState.swift */ = {isa = PBXFileReference; lastKnownFileType = sourcecode.swift; path = AppState.swift; sourceTree = "<group>"; };
		BB000000000000000000003 /* Types.swift */ = {isa = PBXFileReference; lastKnownFileType = sourcecode.swift; path = Types.swift; sourceTree = "<group>"; };
		BB000000000000000000004 /* MIDIEvent.swift */ = {isa = PBXFileReference; lastKnownFileType = sourcecode.swift; path = MIDIEvent.swift; sourceTree = "<group>"; };
		BB000000000000000000005 /* GlobalMusicalFrame.swift */ = {isa = PBXFileReference; lastKnownFileType = sourcecode.swift; path = GlobalMusicalFrame.swift; sourceTree = "<group>"; };
		BB000000000000000000006 /* SongStructure.swift */ = {isa = PBXFileReference; lastKnownFileType = sourcecode.swift; path = SongStructure.swift; sourceTree = "<group>"; };
		BB000000000000000000007 /* TonalGovernanceMap.swift */ = {isa = PBXFileReference; lastKnownFileType = sourcecode.swift; path = TonalGovernanceMap.swift; sourceTree = "<group>"; };
		BB000000000000000000008 /* SongState.swift */ = {isa = PBXFileReference; lastKnownFileType = sourcecode.swift; path = SongState.swift; sourceTree = "<group>"; };
		BB000000000000000000009 /* SeededRNG.swift */ = {isa = PBXFileReference; lastKnownFileType = sourcecode.swift; path = SeededRNG.swift; sourceTree = "<group>"; };
		BB00000000000000000000A /* SongGenerator.swift */ = {isa = PBXFileReference; lastKnownFileType = sourcecode.swift; path = SongGenerator.swift; sourceTree = "<group>"; };
		BB00000000000000000000B /* TonalGovernanceBuilder.swift */ = {isa = PBXFileReference; lastKnownFileType = sourcecode.swift; path = TonalGovernanceBuilder.swift; sourceTree = "<group>"; };
		BB00000000000000000000C /* DrumGenerator.swift */ = {isa = PBXFileReference; lastKnownFileType = sourcecode.swift; path = DrumGenerator.swift; sourceTree = "<group>"; };
		BB00000000000000000000D /* PadsGenerator.swift */ = {isa = PBXFileReference; lastKnownFileType = sourcecode.swift; path = PadsGenerator.swift; sourceTree = "<group>"; };
		BB00000000000000000000E /* DensitySimplifier.swift */ = {isa = PBXFileReference; lastKnownFileType = sourcecode.swift; path = DensitySimplifier.swift; sourceTree = "<group>"; };
		BB00000000000000000000F /* StructureGenerator.swift */ = {isa = PBXFileReference; lastKnownFileType = sourcecode.swift; path = StructureGenerator.swift; sourceTree = "<group>"; };
		BB000000000000000000010 /* TitleGenerator.swift */ = {isa = PBXFileReference; lastKnownFileType = sourcecode.swift; path = TitleGenerator.swift; sourceTree = "<group>"; };
		BB000000000000000000011 /* MusicalFrameGenerator.swift */ = {isa = PBXFileReference; lastKnownFileType = sourcecode.swift; path = MusicalFrameGenerator.swift; sourceTree = "<group>"; };
		BB000000000000000000012 /* LeadGenerator.swift */ = {isa = PBXFileReference; lastKnownFileType = sourcecode.swift; path = LeadGenerator.swift; sourceTree = "<group>"; xcLanguageSpecificationIdentifier = xcode.lang.crashreport; };
		BB000000000000000000013 /* BassGenerator.swift */ = {isa = PBXFileReference; lastKnownFileType = sourcecode.swift; path = BassGenerator.swift; sourceTree = "<group>"; };
		BB000000000000000000014 /* TextureGenerator.swift */ = {isa = PBXFileReference; lastKnownFileType = sourcecode.swift; path = TextureGenerator.swift; sourceTree = "<group>"; };
		BB000000000000000000015 /* RhythmGenerator.swift */ = {isa = PBXFileReference; lastKnownFileType = sourcecode.swift; path = RhythmGenerator.swift; sourceTree = "<group>"; };
		BB000000000000000000016 /* StepScheduler.swift */ = {isa = PBXFileReference; lastKnownFileType = sourcecode.swift; path = StepScheduler.swift; sourceTree = "<group>"; };
		BB000000000000000000017 /* PlaybackEngine.swift */ = {isa = PBXFileReference; lastKnownFileType = sourcecode.swift; path = PlaybackEngine.swift; sourceTree = "<group>"; };
		BB000000000000000000018 /* ContentView.swift */ = {isa = PBXFileReference; lastKnownFileType = sourcecode.swift; path = ContentView.swift; sourceTree = "<group>"; };
		BB000000000000000000019 /* TrackRowView.swift */ = {isa = PBXFileReference; lastKnownFileType = sourcecode.swift; path = TrackRowView.swift; sourceTree = "<group>"; };
		BB00000000000000000001A /* MIDILaneView.swift */ = {isa = PBXFileReference; lastKnownFileType = sourcecode.swift; path = MIDILaneView.swift; sourceTree = "<group>"; };
		BB00000000000000000006A /* AudioWaveformView.swift */ = {isa = PBXFileReference; lastKnownFileType = sourcecode.swift; path = AudioWaveformView.swift; sourceTree = "<group>"; };
		BB00000000000000000001B /* StatusBoxView.swift */ = {isa = PBXFileReference; lastKnownFileType = sourcecode.swift; path = StatusBoxView.swift; sourceTree = "<group>"; };
		BB00000000000000000001C /* TopBarView.swift */ = {isa = PBXFileReference; lastKnownFileType = sourcecode.swift; path = TopBarView.swift; sourceTree = "<group>"; };
		BB00000000000000000001D /* AssetLoader.swift */ = {isa = PBXFileReference; lastKnownFileType = sourcecode.swift; path = AssetLoader.swift; sourceTree = "<group>"; };
		BB00000000000000000001E /* AVFoundation.framework */ = {isa = PBXFileReference; lastKnownFileType = wrapper.framework; name = AVFoundation.framework; path = System/Library/Frameworks/AVFoundation.framework; sourceTree = SDKROOT; };
		BB00000000000000000007A /* MediaPlayer.framework */ = {isa = PBXFileReference; lastKnownFileType = wrapper.framework; name = MediaPlayer.framework; path = System/Library/Frameworks/MediaPlayer.framework; sourceTree = SDKROOT; };
		BB00000000000000000007B /* NowPlayingController.swift */ = {isa = PBXFileReference; lastKnownFileType = sourcecode.swift; path = NowPlayingController.swift; sourceTree = "<group>"; };
		BB00000000000000000001F /* assets */ = {isa = PBXFileReference; lastKnownFileType = folder; path = assets; sourceTree = "<group>"; };
		BB00000000000000000006C /* GeneralUser_GS_v1.471.sf2 */ = {isa = PBXFileReference; lastKnownFileType = file; path = "assets/GeneralUser_GS_v1.471.sf2"; sourceTree = "<group>"; };
		BB00000000000000000006D /* zudio-logo.png */ = {isa = PBXFileReference; lastKnownFileType = image.png; path = "assets/zudio-logo.png"; sourceTree = "<group>"; };
		BB000000000000000000020 /* Info.plist */ = {isa = PBXFileReference; lastKnownFileType = text.plist.xml; path = Info.plist; sourceTree = "<group>"; };
		BB000000000000000000021 /* Zudio.app */ = {isa = PBXFileReference; explicitFileType = wrapper.application; includeInIndex = 0; path = Zudio.app; sourceTree = BUILT_PRODUCTS_DIR; };
		BB000000000000000000022 /* MIDIFileExporter.swift */ = {isa = PBXFileReference; lastKnownFileType = sourcecode.swift; path = MIDIFileExporter.swift; sourceTree = "<group>"; };
		BB000000000000000000023 /* FirstMouseFix.swift */ = {isa = PBXFileReference; lastKnownFileType = sourcecode.swift; path = FirstMouseFix.swift; sourceTree = "<group>"; };
		BB000000000000000000024 /* ArrangementFilter.swift */ = {isa = PBXFileReference; lastKnownFileType = sourcecode.swift; path = ArrangementFilter.swift; sourceTree = "<group>"; };
		BB000000000000000000025 /* HarmonicFilter.swift */ = {isa = PBXFileReference; lastKnownFileType = sourcecode.swift; path = HarmonicFilter.swift; sourceTree = "<group>"; };
		BB000000000000000000026 /* PatternEvolver.swift */ = {isa = PBXFileReference; lastKnownFileType = sourcecode.swift; path = PatternEvolver.swift; sourceTree = "<group>"; };
		BB000000000000000000027 /* DrumVariationEngine.swift */ = {isa = PBXFileReference; lastKnownFileType = sourcecode.swift; path = DrumVariationEngine.swift; sourceTree = "<group>"; };
		BB000000000000000000028 /* assets/zudio-icon.icns */ = {isa = PBXFileReference; lastKnownFileType = image.icns; path = "assets/zudio-icon.icns"; sourceTree = "<group>"; };
		BB000000000000000000029 /* assets/zudio-doc.icns */ = {isa = PBXFileReference; lastKnownFileType = image.icns; path = "assets/zudio-doc.icns"; sourceTree = "<group>"; };
		BB000000000000000000030 /* CosmicMusicalFrameGenerator.swift */ = {isa = PBXFileReference; lastKnownFileType = sourcecode.swift; path = CosmicMusicalFrameGenerator.swift; sourceTree = "<group>"; };
		BB000000000000000000031 /* CosmicStructureGenerator.swift */ = {isa = PBXFileReference; lastKnownFileType = sourcecode.swift; path = CosmicStructureGenerator.swift; sourceTree = "<group>"; };
		BB000000000000000000032 /* CosmicArpeggioGenerator.swift */ = {isa = PBXFileReference; lastKnownFileType = sourcecode.swift; path = CosmicArpeggioGenerator.swift; sourceTree = "<group>"; };
		BB000000000000000000033 /* CosmicPadsGenerator.swift */ = {isa = PBXFileReference; lastKnownFileType = sourcecode.swift; path = CosmicPadsGenerator.swift; sourceTree = "<group>"; };
		BB000000000000000000034 /* CosmicLeadGenerator.swift */ = {isa = PBXFileReference; lastKnownFileType = sourcecode.swift; path = CosmicLeadGenerator.swift; sourceTree = "<group>"; };
		BB000000000000000000035 /* CosmicBassGenerator.swift */ = {isa = PBXFileReference; lastKnownFileType = sourcecode.swift; path = CosmicBassGenerator.swift; sourceTree = "<group>"; };
		BB000000000000000000036 /* CosmicDrumGenerator.swift */ = {isa = PBXFileReference; lastKnownFileType = sourcecode.swift; path = CosmicDrumGenerator.swift; sourceTree = "<group>"; };
		BB000000000000000000037 /* CosmicTextureGenerator.swift */ = {isa = PBXFileReference; lastKnownFileType = sourcecode.swift; path = CosmicTextureGenerator.swift; sourceTree = "<group>"; };
		BB00000000000000000007C /* CosmicHelpers.swift */ = {isa = PBXFileReference; lastKnownFileType = sourcecode.swift; path = CosmicHelpers.swift; sourceTree = "<group>"; };
		BB000000000000000000038 /* CosmicTitleGenerator.swift */ = {isa = PBXFileReference; lastKnownFileType = sourcecode.swift; path = CosmicTitleGenerator.swift; sourceTree = "<group>"; };
		BB000000000000000000039 /* AudioFileExporter.swift */ = {isa = PBXFileReference; lastKnownFileType = sourcecode.swift; path = AudioFileExporter.swift; sourceTree = "<group>"; };
		BB000000000000000000040 /* SongLogExporter.swift */ = {isa = PBXFileReference; lastKnownFileType = sourcecode.swift; path = SongLogExporter.swift; sourceTree = "<group>"; };
		BB000000000000000000041 /* AmbientTitleGenerator.swift */ = {isa = PBXFileReference; lastKnownFileType = sourcecode.swift; path = AmbientTitleGenerator.swift; sourceTree = "<group>"; };
		BB000000000000000000050 /* AmbientMusicalFrameGenerator.swift */ = {isa = PBXFileReference; lastKnownFileType = sourcecode.swift; path = AmbientMusicalFrameGenerator.swift; sourceTree = "<group>"; };
		BB000000000000000000051 /* AmbientStructureGenerator.swift */ = {isa = PBXFileReference; lastKnownFileType = sourcecode.swift; path = AmbientStructureGenerator.swift; sourceTree = "<group>"; };
		BB000000000000000000052 /* AmbientLoopTiler.swift */ = {isa = PBXFileReference; lastKnownFileType = sourcecode.swift; path = AmbientLoopTiler.swift; sourceTree = "<group>"; };
		BB000000000000000000053 /* AmbientPadsGenerator.swift */ = {isa = PBXFileReference; lastKnownFileType = sourcecode.swift; path = AmbientPadsGenerator.swift; sourceTree = "<group>"; };
		BB000000000000000000054 /* AmbientBassGenerator.swift */ = {isa = PBXFileReference; lastKnownFileType = sourcecode.swift; path = AmbientBassGenerator.swift; sourceTree = "<group>"; };
		BB000000000000000000055 /* AmbientDrumGenerator.swift */ = {isa = PBXFileReference; lastKnownFileType = sourcecode.swift; path = AmbientDrumGenerator.swift; sourceTree = "<group>"; };
		BB000000000000000000056 /* AmbientLeadGenerator.swift */ = {isa = PBXFileReference; lastKnownFileType = sourcecode.swift; path = AmbientLeadGenerator.swift; sourceTree = "<group>"; };
		BB000000000000000000057 /* AmbientRhythmGenerator.swift */ = {isa = PBXFileReference; lastKnownFileType = sourcecode.swift; path = AmbientRhythmGenerator.swift; sourceTree = "<group>"; };
		BB000000000000000000058 /* AmbientTextureGenerator.swift */ = {isa = PBXFileReference; lastKnownFileType = sourcecode.swift; path = AmbientTextureGenerator.swift; sourceTree = "<group>"; };
		BB000000000000000000059 /* AmbientHelpers.swift */ = {isa = PBXFileReference; lastKnownFileType = sourcecode.swift; path = AmbientHelpers.swift; sourceTree = "<group>"; };
		BB000000000000000000060 /* ChillMusicalFrameGenerator.swift */ = {isa = PBXFileReference; lastKnownFileType = sourcecode.swift; path = ChillMusicalFrameGenerator.swift; sourceTree = "<group>"; };
		BB000000000000000000061 /* ChillStructureGenerator.swift */ = {isa = PBXFileReference; lastKnownFileType = sourcecode.swift; path = ChillStructureGenerator.swift; sourceTree = "<group>"; };
		BB000000000000000000062 /* ChillDrumGenerator.swift */ = {isa = PBXFileReference; lastKnownFileType = sourcecode.swift; path = ChillDrumGenerator.swift; sourceTree = "<group>"; };
		BB000000000000000000063 /* ChillBassGenerator.swift */ = {isa = PBXFileReference; lastKnownFileType = sourcecode.swift; path = ChillBassGenerator.swift; sourceTree = "<group>"; };
		BB000000000000000000064 /* ChillPadsGenerator.swift */ = {isa = PBXFileReference; lastKnownFileType = sourcecode.swift; path = ChillPadsGenerator.swift; sourceTree = "<group>"; };
		BB000000000000000000065 /* ChillLeadGenerator.swift */ = {isa = PBXFileReference; lastKnownFileType = sourcecode.swift; path = ChillLeadGenerator.swift; sourceTree = "<group>"; };
		BB000000000000000000066 /* ChillRhythmGenerator.swift */ = {isa = PBXFileReference; lastKnownFileType = sourcecode.swift; path = ChillRhythmGenerator.swift; sourceTree = "<group>"; };
		BB000000000000000000067 /* ChillTitleGenerator.swift */ = {isa = PBXFileReference; lastKnownFileType = sourcecode.swift; path = ChillTitleGenerator.swift; sourceTree = "<group>"; };
		BB000000000000000000068 /* AudioTexturePlayer.swift */ = {isa = PBXFileReference; lastKnownFileType = sourcecode.swift; path = AudioTexturePlayer.swift; sourceTree = "<group>"; };
		BB000000000000000000069 /* Textures */ = {isa = PBXFileReference; lastKnownFileType = folder; path = "Sources/Zudio/Resources/Textures"; sourceTree = "<group>"; };
		/* ZudioTests file references */
		UU000000000000000000001 /* ZudioTests.swift */ = {isa = PBXFileReference; lastKnownFileType = sourcecode.swift; path = ZudioTests.swift; sourceTree = "<group>"; };
		UU000000000000000000002 /* ChillBatchTests.swift */ = {isa = PBXFileReference; lastKnownFileType = sourcecode.swift; path = ChillBatchTests.swift; sourceTree = "<group>"; };
		UU000000000000000000003 /* MotorikBatchTests.swift */ = {isa = PBXFileReference; lastKnownFileType = sourcecode.swift; path = MotorikBatchTests.swift; sourceTree = "<group>"; };
		UU000000000000000000005 /* KosmicBatchTests.swift */ = {isa = PBXFileReference; lastKnownFileType = sourcecode.swift; path = KosmicBatchTests.swift; sourceTree = "<group>"; };
		UU000000000000000000010 /* AmbientBatchTests.swift */ = {isa = PBXFileReference; lastKnownFileType = sourcecode.swift; path = AmbientBatchTests.swift; sourceTree = "<group>"; };
		UU000000000000000000004 /* ZudioTests.xctest */ = {isa = PBXFileReference; explicitFileType = wrapper.cfbundle; includeInIndex = 0; path = ZudioTests.xctest; sourceTree = BUILT_PRODUCTS_DIR; };
/* End PBXFileReference section */

/* Begin PBXFrameworksBuildPhase section */
		CC000000000000000000001 /* Frameworks */ = {
			isa = PBXFrameworksBuildPhase;
			buildActionMask = 2147483647;
			files = (
				AA00000000000000000001E /* AVFoundation.framework in Frameworks */,
				AA00000000000000000007A /* MediaPlayer.framework in Frameworks */,
			);
			runOnlyForDeploymentPostprocessing = 0;
		};
		CC000000000000000000010 /* Frameworks (ZudioTests) */ = {
			isa = PBXFrameworksBuildPhase;
			buildActionMask = 2147483647;
			files = (
			);
			runOnlyForDeploymentPostprocessing = 0;
		};
/* End PBXFrameworksBuildPhase section */

/* Begin PBXGroup section */
		A0561CE32F76C96B00C4D537 /* Recovered References */ = {
			isa = PBXGroup;
			children = (
				BB000000000000000000028 /* assets/zudio-icon.icns */,
			BB000000000000000000029 /* assets/zudio-doc.icns */,
			);
			name = "Recovered References";
			sourceTree = "<group>";
		};
		DD000000000000000000001 /* Products */ = {
			isa = PBXGroup;
			children = (
				BB000000000000000000021 /* Zudio.app */,
				UU000000000000000000004 /* ZudioTests.xctest */,
			);
			name = Products;
			sourceTree = "<group>";
		};
		DD000000000000000000013 /* ZudioTests */ = {
			isa = PBXGroup;
			children = (
				UU000000000000000000001 /* ZudioTests.swift */,
				UU000000000000000000002 /* ChillBatchTests.swift */,
				UU000000000000000000003 /* MotorikBatchTests.swift */,
				UU000000000000000000005 /* KosmicBatchTests.swift */,
				UU000000000000000000010 /* AmbientBatchTests.swift */,
			);
			path = ZudioTests;
			sourceTree = "<group>";
		};
		DD000000000000000000014 /* Tests */ = {
			isa = PBXGroup;
			children = (
				DD000000000000000000013 /* ZudioTests */,
			);
			path = Tests;
			sourceTree = "<group>";
		};
		DD000000000000000000002 /* Frameworks */ = {
			isa = PBXGroup;
			children = (
				BB00000000000000000001E /* AVFoundation.framework */,
				BB00000000000000000007A /* MediaPlayer.framework */,
			);
			name = Frameworks;
			sourceTree = "<group>";
		};
		DD000000000000000000003 /* Models */ = {
			isa = PBXGroup;
			children = (
				BB000000000000000000003 /* Types.swift */,
				BB000000000000000000004 /* MIDIEvent.swift */,
				BB000000000000000000005 /* GlobalMusicalFrame.swift */,
				BB000000000000000000006 /* SongStructure.swift */,
				BB000000000000000000007 /* TonalGovernanceMap.swift */,
				BB000000000000000000008 /* SongState.swift */,
			);
			path = Models;
			sourceTree = "<group>";
		};
		DD000000000000000000004 /* Generation */ = {
			isa = PBXGroup;
			children = (
				BB000000000000000000009 /* SeededRNG.swift */,
				BB00000000000000000000A /* SongGenerator.swift */,
				BB00000000000000000000B /* TonalGovernanceBuilder.swift */,
				BB00000000000000000000C /* DrumGenerator.swift */,
				BB00000000000000000000D /* PadsGenerator.swift */,
				BB00000000000000000000E /* DensitySimplifier.swift */,
				BB000000000000000000024 /* ArrangementFilter.swift */,
				BB000000000000000000025 /* HarmonicFilter.swift */,
				BB000000000000000000026 /* PatternEvolver.swift */,
				BB000000000000000000027 /* DrumVariationEngine.swift */,
				BB00000000000000000000F /* StructureGenerator.swift */,
				BB000000000000000000010 /* TitleGenerator.swift */,
				BB000000000000000000038 /* CosmicTitleGenerator.swift */,
				BB000000000000000000041 /* AmbientTitleGenerator.swift */,
				BB000000000000000000011 /* MusicalFrameGenerator.swift */,
				BB000000000000000000012 /* LeadGenerator.swift */,
				BB000000000000000000013 /* BassGenerator.swift */,
				BB000000000000000000014 /* TextureGenerator.swift */,
				BB000000000000000000015 /* RhythmGenerator.swift */,
				DD000000000000000000010 /* Cosmic */,
				DD000000000000000000011 /* Ambient */,
				DD000000000000000000012 /* Chill */,
			);
			path = Generation;
			sourceTree = "<group>";
		};
		DD000000000000000000005 /* Playback */ = {
			isa = PBXGroup;
			children = (
				BB000000000000000000016 /* StepScheduler.swift */,
				BB000000000000000000017 /* PlaybackEngine.swift */,
				BB000000000000000000068 /* AudioTexturePlayer.swift */,
				BB00000000000000000007B /* NowPlayingController.swift */,
			);
			path = Playback;
			sourceTree = "<group>";
		};
		DD000000000000000000006 /* UI */ = {
			isa = PBXGroup;
			children = (
				BB000000000000000000018 /* ContentView.swift */,
				BB000000000000000000019 /* TrackRowView.swift */,
				BB00000000000000000001A /* MIDILaneView.swift */,
				BB00000000000000000006A /* AudioWaveformView.swift */,
				BB00000000000000000001B /* StatusBoxView.swift */,
				BB00000000000000000001C /* TopBarView.swift */,
				BB000000000000000000023 /* FirstMouseFix.swift */,
			);
			path = UI;
			sourceTree = "<group>";
		};
		DD000000000000000000007 /* Assets */ = {
			isa = PBXGroup;
			children = (
				BB00000000000000000001D /* AssetLoader.swift */,
				BB000000000000000000022 /* MIDIFileExporter.swift */,
				BB000000000000000000039 /* AudioFileExporter.swift */,
				BB000000000000000000040 /* SongLogExporter.swift */,
			);
			path = Assets;
			sourceTree = "<group>";
		};
		DD000000000000000000008 /* Zudio */ = {
			isa = PBXGroup;
			children = (
				BB000000000000000000001 /* ZudioApp.swift */,
				BB000000000000000000002 /* AppState.swift */,
				BB000000000000000000020 /* Info.plist */,
				DD000000000000000000003 /* Models */,
				DD000000000000000000004 /* Generation */,
				DD000000000000000000005 /* Playback */,
				DD000000000000000000006 /* UI */,
				DD000000000000000000007 /* Assets */,
			);
			path = Zudio;
			sourceTree = "<group>";
		};
		DD000000000000000000009 /* Sources */ = {
			isa = PBXGroup;
			children = (
				DD000000000000000000008 /* Zudio */,
			);
			path = Sources;
			sourceTree = "<group>";
		};
		DD00000000000000000000A = {
			isa = PBXGroup;
			children = (
				DD000000000000000000009 /* Sources */,
				DD000000000000000000014 /* Tests */,
				BB00000000000000000001F /* assets */,
				BB000000000000000000069 /* Textures */,
				DD000000000000000000001 /* Products */,
				DD000000000000000000002 /* Frameworks */,
				A0561CE32F76C96B00C4D537 /* Recovered References */,
			);
			sourceTree = "<group>";
		};
		DD000000000000000000010 /* Cosmic */ = {
			isa = PBXGroup;
			children = (
				BB000000000000000000030 /* CosmicMusicalFrameGenerator.swift */,
				BB000000000000000000031 /* CosmicStructureGenerator.swift */,
				BB000000000000000000032 /* CosmicArpeggioGenerator.swift */,
				BB000000000000000000033 /* CosmicPadsGenerator.swift */,
				BB000000000000000000034 /* CosmicLeadGenerator.swift */,
				BB000000000000000000035 /* CosmicBassGenerator.swift */,
				BB000000000000000000036 /* CosmicDrumGenerator.swift */,
				BB000000000000000000037 /* CosmicTextureGenerator.swift */,
				BB00000000000000000007C /* CosmicHelpers.swift */,
			);
			path = Cosmic;
			sourceTree = "<group>";
		};
		DD000000000000000000011 /* Ambient */ = {
			isa = PBXGroup;
			children = (
				BB000000000000000000050 /* AmbientMusicalFrameGenerator.swift */,
				BB000000000000000000051 /* AmbientStructureGenerator.swift */,
				BB000000000000000000052 /* AmbientLoopTiler.swift */,
				BB000000000000000000053 /* AmbientPadsGenerator.swift */,
				BB000000000000000000054 /* AmbientBassGenerator.swift */,
				BB000000000000000000055 /* AmbientDrumGenerator.swift */,
				BB000000000000000000056 /* AmbientLeadGenerator.swift */,
				BB000000000000000000057 /* AmbientRhythmGenerator.swift */,
				BB000000000000000000058 /* AmbientTextureGenerator.swift */,
				BB000000000000000000059 /* AmbientHelpers.swift */,
			);
			path = Ambient;
			sourceTree = "<group>";
		};
		DD000000000000000000012 /* Chill */ = {
			isa = PBXGroup;
			children = (
				BB000000000000000000060 /* ChillMusicalFrameGenerator.swift */,
				BB000000000000000000061 /* ChillStructureGenerator.swift */,
				BB000000000000000000062 /* ChillDrumGenerator.swift */,
				BB000000000000000000063 /* ChillBassGenerator.swift */,
				BB000000000000000000064 /* ChillPadsGenerator.swift */,
				BB000000000000000000065 /* ChillLeadGenerator.swift */,
				BB000000000000000000066 /* ChillRhythmGenerator.swift */,
				BB000000000000000000067 /* ChillTitleGenerator.swift */,
			);
			path = Chill;
			sourceTree = "<group>";
		};
/* End PBXGroup section */

/* Begin PBXNativeTarget section */
		EE000000000000000000001 /* Zudio */ = {
			isa = PBXNativeTarget;
			buildConfigurationList = FF000000000000000000002 /* Build configuration list for PBXNativeTarget "Zudio" */;
			buildPhases = (
				CC000000000000000000002 /* Sources */,
				CC000000000000000000001 /* Frameworks */,
				CC000000000000000000003 /* Resources */,
			);
			buildRules = (
			);
			dependencies = (
			);
			name = Zudio;
			productName = Zudio;
			productReference = BB000000000000000000021 /* Zudio.app */;
			productType = "com.apple.product-type.application";
		};
		EE000000000000000000003 /* ZudioTests */ = {
			isa = PBXNativeTarget;
			buildConfigurationList = FF000000000000000000003 /* Build configuration list for PBXNativeTarget "ZudioTests" */;
			buildPhases = (
				CC000000000000000000011 /* Sources (ZudioTests) */,
				CC000000000000000000010 /* Frameworks (ZudioTests) */,
			);
			buildRules = (
			);
			dependencies = (
				VV000000000000000000001 /* PBXTargetDependency */,
			);
			name = ZudioTests;
			productName = ZudioTests;
			productReference = UU000000000000000000004 /* ZudioTests.xctest */;
			productType = "com.apple.product-type.bundle.unit-test";
		};
/* End PBXNativeTarget section */

/* Begin PBXContainerItemProxy section */
		VV000000000000000000002 /* PBXContainerItemProxy */ = {
			isa = PBXContainerItemProxy;
			containerPortal = EE000000000000000000002 /* Project object */;
			proxyType = 1;
			remoteGlobalIDString = EE000000000000000000001;
			remoteInfo = Zudio;
		};
/* End PBXContainerItemProxy section */

/* Begin PBXTargetDependency section */
		VV000000000000000000001 /* PBXTargetDependency */ = {
			isa = PBXTargetDependency;
			target = EE000000000000000000001 /* Zudio */;
			targetProxy = VV000000000000000000002 /* PBXContainerItemProxy */;
		};
/* End PBXTargetDependency section */

/* Begin PBXProject section */
		EE000000000000000000002 /* Project object */ = {
			isa = PBXProject;
			attributes = {
				BuildIndependentTargetsInParallel = 1;
				LastSwiftUpdateCheck = 1500;
				LastUpgradeCheck = 1500;
				TargetAttributes = {
					EE000000000000000000001 = {
						CreatedOnToolsVersion = 15.0;
					};
					EE000000000000000000003 = {
						CreatedOnToolsVersion = 15.0;
						TestTargetID = EE000000000000000000001;
					};
				};
			};
			buildConfigurationList = FF000000000000000000001 /* Build configuration list for PBXProject "Zudio" */;
			compatibilityVersion = "Xcode 14.0";
			developmentRegion = en;
			hasScannedForEncodings = 0;
			knownRegions = (
				en,
				Base,
			);
			mainGroup = DD00000000000000000000A;
			productRefGroup = DD000000000000000000001 /* Products */;
			projectDirPath = "";
			projectRoot = "";
			targets = (
				EE000000000000000000001 /* Zudio */,
				EE000000000000000000003 /* ZudioTests */,
			);
		};
/* End PBXProject section */

/* Begin PBXResourcesBuildPhase section */
		CC000000000000000000003 /* Resources */ = {
			isa = PBXResourcesBuildPhase;
			buildActionMask = 2147483647;
			files = (
				AA00000000000000000006C /* GeneralUser_GS_v1.471.sf2 in Resources */,
				AA00000000000000000006D /* zudio-logo.png in Resources */,
				AA000000000000000000028 /* assets/zudio-icon.icns in Resources */,
				AA000000000000000000029 /* assets/zudio-doc.icns in Resources */,
				AA000000000000000000069 /* Textures in Resources */,
			);
			runOnlyForDeploymentPostprocessing = 0;
		};
/* End PBXResourcesBuildPhase section */

/* Begin PBXSourcesBuildPhase section */
		CC000000000000000000002 /* Sources */ = {
			isa = PBXSourcesBuildPhase;
			buildActionMask = 2147483647;
			files = (
				AA000000000000000000001 /* ZudioApp.swift in Sources */,
				AA000000000000000000002 /* AppState.swift in Sources */,
				AA000000000000000000003 /* Types.swift in Sources */,
				AA000000000000000000004 /* MIDIEvent.swift in Sources */,
				AA000000000000000000005 /* GlobalMusicalFrame.swift in Sources */,
				AA000000000000000000006 /* SongStructure.swift in Sources */,
				AA000000000000000000007 /* TonalGovernanceMap.swift in Sources */,
				AA000000000000000000008 /* SongState.swift in Sources */,
				AA000000000000000000009 /* SeededRNG.swift in Sources */,
				AA00000000000000000000A /* SongGenerator.swift in Sources */,
				AA00000000000000000000B /* TonalGovernanceBuilder.swift in Sources */,
				AA00000000000000000000C /* DrumGenerator.swift in Sources */,
				AA00000000000000000000D /* PadsGenerator.swift in Sources */,
				AA00000000000000000000E /* DensitySimplifier.swift in Sources */,
				AA000000000000000000022 /* ArrangementFilter.swift in Sources */,
				AA000000000000000000023 /* HarmonicFilter.swift in Sources */,
				AA000000000000000000024 /* PatternEvolver.swift in Sources */,
				AA000000000000000000025 /* DrumVariationEngine.swift in Sources */,
				AA00000000000000000000F /* StructureGenerator.swift in Sources */,
				AA000000000000000000010 /* TitleGenerator.swift in Sources */,
				AA000000000000000000038 /* CosmicTitleGenerator.swift in Sources */,
				AA000000000000000000041 /* AmbientTitleGenerator.swift in Sources */,
				AA000000000000000000011 /* MusicalFrameGenerator.swift in Sources */,
				AA000000000000000000012 /* LeadGenerator.swift in Sources */,
				AA000000000000000000013 /* BassGenerator.swift in Sources */,
				AA000000000000000000014 /* TextureGenerator.swift in Sources */,
				AA000000000000000000015 /* RhythmGenerator.swift in Sources */,
				AA000000000000000000016 /* StepScheduler.swift in Sources */,
				AA000000000000000000017 /* PlaybackEngine.swift in Sources */,
				AA000000000000000000018 /* ContentView.swift in Sources */,
				AA000000000000000000019 /* TrackRowView.swift in Sources */,
				AA00000000000000000001A /* MIDILaneView.swift in Sources */,
				AA00000000000000000006A /* AudioWaveformView.swift in Sources */,
				AA00000000000000000001B /* StatusBoxView.swift in Sources */,
				AA00000000000000000001C /* TopBarView.swift in Sources */,
				AA00000000000000000001D /* AssetLoader.swift in Sources */,
				AA000000000000000000020 /* MIDIFileExporter.swift in Sources */,
				AA000000000000000000021 /* FirstMouseFix.swift in Sources */,
				AA000000000000000000030 /* CosmicMusicalFrameGenerator.swift in Sources */,
				AA000000000000000000031 /* CosmicStructureGenerator.swift in Sources */,
				AA000000000000000000032 /* CosmicArpeggioGenerator.swift in Sources */,
				AA000000000000000000033 /* CosmicPadsGenerator.swift in Sources */,
				AA000000000000000000034 /* CosmicLeadGenerator.swift in Sources */,
				AA000000000000000000035 /* CosmicBassGenerator.swift in Sources */,
				AA000000000000000000036 /* CosmicDrumGenerator.swift in Sources */,
				AA000000000000000000037 /* CosmicTextureGenerator.swift in Sources */,
				AA00000000000000000007C /* CosmicHelpers.swift in Sources */,
				AA000000000000000000039 /* AudioFileExporter.swift in Sources */,
				AA000000000000000000040 /* SongLogExporter.swift in Sources */,
				AA000000000000000000050 /* AmbientMusicalFrameGenerator.swift in Sources */,
				AA000000000000000000051 /* AmbientStructureGenerator.swift in Sources */,
				AA000000000000000000052 /* AmbientLoopTiler.swift in Sources */,
				AA000000000000000000053 /* AmbientPadsGenerator.swift in Sources */,
				AA000000000000000000054 /* AmbientBassGenerator.swift in Sources */,
				AA000000000000000000055 /* AmbientDrumGenerator.swift in Sources */,
				AA000000000000000000056 /* AmbientLeadGenerator.swift in Sources */,
				AA000000000000000000057 /* AmbientRhythmGenerator.swift in Sources */,
				AA000000000000000000058 /* AmbientTextureGenerator.swift in Sources */,
				AA000000000000000000059 /* AmbientHelpers.swift in Sources */,
				AA000000000000000000060 /* ChillMusicalFrameGenerator.swift in Sources */,
				AA000000000000000000061 /* ChillStructureGenerator.swift in Sources */,
				AA000000000000000000062 /* ChillDrumGenerator.swift in Sources */,
				AA000000000000000000063 /* ChillBassGenerator.swift in Sources */,
				AA000000000000000000064 /* ChillPadsGenerator.swift in Sources */,
				AA000000000000000000065 /* ChillLeadGenerator.swift in Sources */,
				AA000000000000000000066 /* ChillRhythmGenerator.swift in Sources */,
				AA000000000000000000067 /* ChillTitleGenerator.swift in Sources */,
				AA000000000000000000068 /* AudioTexturePlayer.swift in Sources */,
				AA00000000000000000007B /* NowPlayingController.swift in Sources */,
			);
			runOnlyForDeploymentPostprocessing = 0;
		};
		CC000000000000000000011 /* Sources (ZudioTests) */ = {
			isa = PBXSourcesBuildPhase;
			buildActionMask = 2147483647;
			files = (
				TT000000000000000000001 /* ZudioTests.swift in Sources */,
				TT000000000000000000002 /* ChillBatchTests.swift in Sources */,
				TT000000000000000000003 /* MotorikBatchTests.swift in Sources */,
				TT000000000000000000009 /* KosmicBatchTests.swift in Sources */,
				TT000000000000000000010 /* AmbientBatchTests.swift in Sources */,
			);
			runOnlyForDeploymentPostprocessing = 0;
		};
/* End PBXSourcesBuildPhase section */

/* Begin XCBuildConfiguration section */
		GG000000000000000000001 /* Debug */ = {
			isa = XCBuildConfiguration;
			buildSettings = {
				ALWAYS_SEARCH_USER_PATHS = NO;
				ASSETCATALOG_COMPILER_APPICON_NAME = "";
				CLANG_ANALYZER_NONNULL = YES;
				CLANG_ANALYZER_NUMBER_OBJECT_CONVERSION = YES_AGGRESSIVE;
				CLANG_CXX_LANGUAGE_STANDARD = "gnu++20";
				CLANG_ENABLE_MODULES = YES;
				CLANG_ENABLE_OBJC_ARC = YES;
				CLANG_ENABLE_OBJC_WEAK = YES;
				CLANG_WARN_BLOCK_CAPTURE_AUTORELEASING = YES;
				CLANG_WARN_BOOL_CONVERSION = YES;
				CLANG_WARN_COMMA = YES;
				CLANG_WARN_CONSTANT_CONVERSION = YES;
				CLANG_WARN_DEPRECATED_OBJC_IMPLEMENTATIONS = YES;
				CLANG_WARN_DIRECT_OBJC_ISA_USAGE = YES_ERROR;
				CLANG_WARN_DOCUMENTATION_COMMENTS = YES;
				CLANG_WARN_EMPTY_BODY = YES;
				CLANG_WARN_ENUM_CONVERSION = YES;
				CLANG_WARN_INFINITE_RECURSION = YES;
				CLANG_WARN_INT_CONVERSION = YES;
				CLANG_WARN_NON_LITERAL_NULL_CONVERSION = YES;
				CLANG_WARN_OBJC_IMPLICIT_RETAIN_SELF = YES;
				CLANG_WARN_OBJC_LITERAL_CONVERSION = YES;
				CLANG_WARN_OBJC_ROOT_CLASS = YES_ERROR;
				CLANG_WARN_QUOTED_INCLUDE_IN_FRAMEWORK_HEADER = YES;
				CLANG_WARN_RANGE_LOOP_ANALYSIS = YES;
				CLANG_WARN_STRICT_PROTOTYPES = YES;
				CLANG_WARN_SUSPICIOUS_MOVE = YES;
				CLANG_WARN_UNGUARDED_AVAILABILITY = YES_AGGRESSIVE;
				CLANG_WARN_UNREACHABLE_CODE = YES;
				CLANG_WARN__DUPLICATE_METHOD_MATCH = YES;
				COPY_PHASE_STRIP = NO;
				DEBUG_INFORMATION_FORMAT = dwarf;
				ENABLE_STRICT_OBJC_MSGSEND = YES;
				ENABLE_TESTABILITY = YES;
				GCC_C_LANGUAGE_STANDARD = gnu17;
				GCC_DYNAMIC_NO_PIC = NO;
				GCC_NO_COMMON_BLOCKS = YES;
				GCC_OPTIMIZATION_LEVEL = 0;
				GCC_PREPROCESSOR_DEFINITIONS = (
					"DEBUG=1",
					"$(inherited)",
				);
				GCC_WARN_64_TO_32_BIT_CONVERSION = YES;
				GCC_WARN_ABOUT_RETURN_TYPE = YES_ERROR;
				GCC_WARN_UNDECLARED_SELECTOR = YES;
				GCC_WARN_UNINITIALIZED_AUTOS = YES_AGGRESSIVE;
				GCC_WARN_UNUSED_FUNCTION = YES;
				GCC_WARN_UNUSED_VARIABLE = YES;
				MACOSX_DEPLOYMENT_TARGET = 14.0;
				MTL_ENABLE_DEBUG_INFO = INCLUDE_SOURCE;
				MTL_FAST_MATH = YES;
				ONLY_ACTIVE_ARCH = YES;
				SDKROOT = macosx;
				SWIFT_ACTIVE_COMPILATION_CONDITIONS = DEBUG;
				SWIFT_OPTIMIZATION_LEVEL = "-Onone";
				SWIFT_VERSION = 5.0;
			};
			name = Debug;
		};
		GG000000000000000000002 /* Release */ = {
			isa = XCBuildConfiguration;
			buildSettings = {
				ALWAYS_SEARCH_USER_PATHS = NO;
				ASSETCATALOG_COMPILER_APPICON_NAME = "";
				CLANG_ANALYZER_NONNULL = YES;
				CLANG_ANALYZER_NUMBER_OBJECT_CONVERSION = YES_AGGRESSIVE;
				CLANG_CXX_LANGUAGE_STANDARD = "gnu++20";
				CLANG_ENABLE_MODULES = YES;
				CLANG_ENABLE_OBJC_ARC = YES;
				CLANG_ENABLE_OBJC_WEAK = YES;
				CLANG_WARN_BLOCK_CAPTURE_AUTORELEASING = YES;
				CLANG_WARN_BOOL_CONVERSION = YES;
				CLANG_WARN_COMMA = YES;
				CLANG_WARN_CONSTANT_CONVERSION = YES;
				CLANG_WARN_DEPRECATED_OBJC_IMPLEMENTATIONS = YES;
				CLANG_WARN_DIRECT_OBJC_ISA_USAGE = YES_ERROR;
				CLANG_WARN_DOCUMENTATION_COMMENTS = YES;
				CLANG_WARN_EMPTY_BODY = YES;
				CLANG_WARN_ENUM_CONVERSION = YES;
				CLANG_WARN_INFINITE_RECURSION = YES;
				CLANG_WARN_INT_CONVERSION = YES;
				CLANG_WARN_NON_LITERAL_NULL_CONVERSION = YES;
				CLANG_WARN_OBJC_IMPLICIT_RETAIN_SELF = YES;
				CLANG_WARN_OBJC_LITERAL_CONVERSION = YES;
				CLANG_WARN_OBJC_ROOT_CLASS = YES_ERROR;
				CLANG_WARN_QUOTED_INCLUDE_IN_FRAMEWORK_HEADER = YES;
				CLANG_WARN_RANGE_LOOP_ANALYSIS = YES;
				CLANG_WARN_STRICT_PROTOTYPES = YES;
				CLANG_WARN_SUSPICIOUS_MOVE = YES;
				CLANG_WARN_UNGUARDED_AVAILABILITY = YES_AGGRESSIVE;
				CLANG_WARN_UNREACHABLE_CODE = YES;
				CLANG_WARN__DUPLICATE_METHOD_MATCH = YES;
				COPY_PHASE_STRIP = NO;
				DEBUG_INFORMATION_FORMAT = "dwarf-with-dsym";
				ENABLE_NS_ASSERTIONS = NO;
				ENABLE_STRICT_OBJC_MSGSEND = YES;
				GCC_C_LANGUAGE_STANDARD = gnu17;
				GCC_NO_COMMON_BLOCKS = YES;
				GCC_WARN_64_TO_32_BIT_CONVERSION = YES;
				GCC_WARN_ABOUT_RETURN_TYPE = YES_ERROR;
				GCC_WARN_UNDECLARED_SELECTOR = YES;
				GCC_WARN_UNINITIALIZED_AUTOS = YES_AGGRESSIVE;
				GCC_WARN_UNUSED_FUNCTION = YES;
				GCC_WARN_UNUSED_VARIABLE = YES;
				MACOSX_DEPLOYMENT_TARGET = 14.0;
				MTL_ENABLE_DEBUG_INFO = NO;
				MTL_FAST_MATH = YES;
				SDKROOT = macosx;
				SWIFT_COMPILATION_MODE = wholemodule;
				SWIFT_OPTIMIZATION_LEVEL = "-O";
				SWIFT_VERSION = 5.0;
			};
			name = Release;
		};
		GG000000000000000000003 /* Debug */ = {
			isa = XCBuildConfiguration;
			buildSettings = {
				ASSETCATALOG_COMPILER_APPICON_NAME = "";
				CODE_SIGN_ENTITLEMENTS = Zudio.entitlements;
				CODE_SIGN_IDENTITY = "Apple Development";
				CODE_SIGN_STYLE = Automatic;
				COMBINE_HIDPI_IMAGES = YES;
				DEVELOPMENT_TEAM = K66MA9TR8Z;
				ENABLE_HARDENED_RUNTIME = YES;
				INFOPLIST_FILE = Sources/Zudio/Info.plist;
				LD_RUNPATH_SEARCH_PATHS = (
					"$(inherited)",
					"@executable_path/../Frameworks",
				);
				MACOSX_DEPLOYMENT_TARGET = 14.0;
				PRODUCT_BUNDLE_IDENTIFIER = com.zudio.app;
				PRODUCT_NAME = Zudio;
				SDKROOT = macosx;
				SWIFT_VERSION = 5.0;
			};
			name = Debug;
		};
		GG000000000000000000004 /* Release */ = {
			isa = XCBuildConfiguration;
			buildSettings = {
				ARCHS = (
					arm64,
					x86_64,
				);
				ASSETCATALOG_COMPILER_APPICON_NAME = "";
				CODE_SIGN_ENTITLEMENTS = Zudio.entitlements;
				CODE_SIGN_IDENTITY = "Developer ID Application";
				CODE_SIGN_STYLE = Manual;
				COMBINE_HIDPI_IMAGES = YES;
				DEVELOPMENT_TEAM = K66MA9TR8Z;
				ENABLE_HARDENED_RUNTIME = YES;
				INFOPLIST_FILE = Sources/Zudio/Info.plist;
				LD_RUNPATH_SEARCH_PATHS = (
					"$(inherited)",
					"@executable_path/../Frameworks",
				);
				MACOSX_DEPLOYMENT_TARGET = 14.0;
				ONLY_ACTIVE_ARCH = NO;
				PRODUCT_BUNDLE_IDENTIFIER = com.zudio.app;
				PRODUCT_NAME = Zudio;
				SDKROOT = macosx;
				SWIFT_VERSION = 5.0;
			};
			name = Release;
		};
		GG000000000000000000005 /* Debug (ZudioTests) */ = {
			isa = XCBuildConfiguration;
			buildSettings = {
				BUNDLE_LOADER = "$(TEST_HOST)";
				CODE_SIGN_IDENTITY = "Apple Development";
				CODE_SIGN_STYLE = Automatic;
				DEVELOPMENT_TEAM = K66MA9TR8Z;
				GENERATE_INFOPLIST_FILE = YES;
				LD_RUNPATH_SEARCH_PATHS = (
					"$(inherited)",
					"@loader_path/../Frameworks",
					"@loader_path/Frameworks",
				);
				MACOSX_DEPLOYMENT_TARGET = 14.0;
				PRODUCT_BUNDLE_IDENTIFIER = com.zudio.app.tests;
				PRODUCT_NAME = ZudioTests;
				SDKROOT = macosx;
				SWIFT_VERSION = 5.0;
				TEST_HOST = "$(BUILT_PRODUCTS_DIR)/Zudio.app/Contents/MacOS/Zudio";
			};
			name = Debug;
		};
		GG000000000000000000006 /* Release (ZudioTests) */ = {
			isa = XCBuildConfiguration;
			buildSettings = {
				BUNDLE_LOADER = "$(TEST_HOST)";
				CODE_SIGN_IDENTITY = "Apple Development";
				CODE_SIGN_STYLE = Automatic;
				DEVELOPMENT_TEAM = K66MA9TR8Z;
				GENERATE_INFOPLIST_FILE = YES;
				LD_RUNPATH_SEARCH_PATHS = (
					"$(inherited)",
					"@loader_path/../Frameworks",
					"@loader_path/Frameworks",
				);
				MACOSX_DEPLOYMENT_TARGET = 14.0;
				PRODUCT_BUNDLE_IDENTIFIER = com.zudio.app.tests;
				PRODUCT_NAME = ZudioTests;
				SDKROOT = macosx;
				SWIFT_VERSION = 5.0;
				TEST_HOST = "$(BUILT_PRODUCTS_DIR)/Zudio.app/Contents/MacOS/Zudio";
			};
			name = Release;
		};
/* End XCBuildConfiguration section */

/* Begin XCConfigurationList section */
		FF000000000000000000001 /* Build configuration list for PBXProject "Zudio" */ = {
			isa = XCConfigurationList;
			buildConfigurations = (
				GG000000000000000000001 /* Debug */,
				GG000000000000000000002 /* Release */,
			);
			defaultConfigurationIsVisible = 0;
			defaultConfigurationName = Release;
		};
		FF000000000000000000002 /* Build configuration list for PBXNativeTarget "Zudio" */ = {
			isa = XCConfigurationList;
			buildConfigurations = (
				GG000000000000000000003 /* Debug */,
				GG000000000000000000004 /* Release */,
			);
			defaultConfigurationIsVisible = 0;
			defaultConfigurationName = Release;
		};
		FF000000000000000000003 /* Build configuration list for PBXNativeTarget "ZudioTests" */ = {
			isa = XCConfigurationList;
			buildConfigurations = (
				GG000000000000000000005 /* Debug */,
				GG000000000000000000006 /* Release */,
			);
			defaultConfigurationIsVisible = 0;
			defaultConfigurationName = Release;
		};
/* End XCConfigurationList section */
	};
	rootObject = EE000000000000000000002 /* Project object */;
}
